lockfileVersion: '9.0'

settings:
  autoInstallPeers: true
  excludeLinksFromLockfile: false

importers:

  .:
    dependencies:
      '@clack/prompts':
        specifier: ^0.10.0
        version: 0.10.0
      fs-extra:
        specifier: ^11.3.0
        version: 11.3.0
      ignore:
        specifier: ^7.0.3
        version: 7.0.3
      picocolors:
        specifier: ^1.1.1
        version: 1.1.1

packages:

  '@clack/core@0.4.1':
    resolution: {integrity: sha512-Pxhij4UXg8KSr7rPek6Zowm+5M22rbd2g1nfojHJkxp5YkFqiZ2+YLEM/XGVIzvGOcM0nqjIFxrpDwWRZYWYjA==}

  '@clack/prompts@0.10.0':
    resolution: {integrity: sha512-H3rCl6CwW1NdQt9rE3n373t7o5cthPv7yUoxF2ytZvyvlJv89C5RYMJu83Hed8ODgys5vpBU0GKxIRG83jd8NQ==}

  fs-extra@11.3.0:
    resolution: {integrity: sha512-Z4XaCL6dUDHfP/jT25jJKMmtxvuwbkrD1vNSMFlo9lNLY2c5FHYSQgHPRZUjAB26TpDEoW9HCOgplrdbaPV/ew==}
    engines: {node: '>=14.14'}

  graceful-fs@4.2.11:
    resolution: {integrity: sha512-RbJ5/jmFcNNCcDV5o9eTnBLJ/HszWV0P73bc+Ff4nS/rJj+YaS6IGyiOL0VoBYX+l1Wrl3k63h/KrH+nhJ0XvQ==}

  ignore@7.0.3:
    resolution: {integrity: sha512-bAH5jbK/F3T3Jls4I0SO1hmPR0dKU0a7+SY6n1yzRtG54FLO8d6w/nxLFX2Nb7dBu6cCWXPaAME6cYqFUMmuCA==}
    engines: {node: '>= 4'}

  jsonfile@6.1.0:
    resolution: {integrity: sha512-5dgndWOriYSm5cnYaJNhalLNDKOqFwyDB/rr1E9ZsGciGvKPs8R2xYGCacuf3z6K1YKDz182fd+fY3cn3pMqXQ==}

  picocolors@1.1.1:
    resolution: {integrity: sha512-xceH2snhtb5M9liqDsmEw56le376mTZkEX/jEb/RxNFyegNul7eNslCXP9FDj/Lcu0X8KEyMceP2ntpaHrDEVA==}

  sisteransi@1.0.5:
    resolution: {integrity: sha512-bLGGlR1QxBcynn2d5YmDX4MGjlZvy2MRBDRNHLJ8VI6l6+9FUiyTFNJ0IveOSP0bcXgVDPRcfGqA0pjaqUpfVg==}

  universalify@2.0.1:
    resolution: {integrity: sha512-gptHNQghINnc/vTGIk0SOFGFNXw7JVrlRUtConJRlvaw6DuX0wO5Jeko9sWrMBhh+PsYAZ7oXAiOnf/UKogyiw==}
    engines: {node: '>= 10.0.0'}

snapshots:

  '@clack/core@0.4.1':
    dependencies:
      picocolors: 1.1.1
      sisteransi: 1.0.5

  '@clack/prompts@0.10.0':
    dependencies:
      '@clack/core': 0.4.1
      picocolors: 1.1.1
      sisteransi: 1.0.5

  fs-extra@11.3.0:
    dependencies:
      graceful-fs: 4.2.11
      jsonfile: 6.1.0
      universalify: 2.0.1

  graceful-fs@4.2.11: {}

  ignore@7.0.3: {}

  jsonfile@6.1.0:
    dependencies:
      universalify: 2.0.1
    optionalDependencies:
      graceful-fs: 4.2.11

  picocolors@1.1.1: {}

  sisteransi@1.0.5: {}

  universalify@2.0.1: {}
